// !$*UTF8*$!
{
	archiveVersion = 1;
	classes = {
	};
	objectVersion = 55;
	objects = {

/* Begin PBXBuildFile section */
		F400067F28AF5FF200D7E842 /* HomeViewController.swift in Sources */ = {isa = PBXBuildFile; fileRef = F400067E28AF5FF200D7E842 /* HomeViewController.swift */; };
		F400068128AF7DBD00D7E842 /* Extensions.swift in Sources */ = {isa = PBXBuildFile; fileRef = F400068028AF7DBD00D7E842 /* Extensions.swift */; };
		F400068528AF98E300D7E842 /* FetchPullRequestsDataController.swift in Sources */ = {isa = PBXBuildFile; fileRef = F400068428AF98E300D7E842 /* FetchPullRequestsDataController.swift */; };
		F400068728AF9C2500D7E842 /* PaddingLabel.swift in Sources */ = {isa = PBXBuildFile; fileRef = F400068628AF9C2500D7E842 /* PaddingLabel.swift */; };
		F479723628ABEE5300D96AA8 /* AppDelegate.swift in Sources */ = {isa = PBXBuildFile; fileRef = F479723528ABEE5300D96AA8 /* AppDelegate.swift */; };
		F479723828ABEE5300D96AA8 /* SceneDelegate.swift in Sources */ = {isa = PBXBuildFile; fileRef = F479723728ABEE5300D96AA8 /* SceneDelegate.swift */; };
		F479723A28ABEE5300D96AA8 /* ViewController.swift in Sources */ = {isa = PBXBuildFile; fileRef = F479723928ABEE5300D96AA8 /* ViewController.swift */; };
		F479723D28ABEE5300D96AA8 /* Main.storyboard in Resources */ = {isa = PBXBuildFile; fileRef = F479723B28ABEE5300D96AA8 /* Main.storyboard */; };
		F479723F28ABEE5500D96AA8 /* Assets.xcassets in Resources */ = {isa = PBXBuildFile; fileRef = F479723E28ABEE5500D96AA8 /* Assets.xcassets */; };
		F479724228ABEE5500D96AA8 /* LaunchScreen.storyboard in Resources */ = {isa = PBXBuildFile; fileRef = F479724028ABEE5500D96AA8 /* LaunchScreen.storyboard */; };
		F479724D28ABEE5500D96AA8 /* GithubPullRequestsTests.swift in Sources */ = {isa = PBXBuildFile; fileRef = F479724C28ABEE5500D96AA8 /* GithubPullRequestsTests.swift */; };
		F479725728ABEE5500D96AA8 /* GithubPullRequestsUITests.swift in Sources */ = {isa = PBXBuildFile; fileRef = F479725628ABEE5500D96AA8 /* GithubPullRequestsUITests.swift */; };
		F479725928ABEE5500D96AA8 /* GithubPullRequestsUITestsLaunchTests.swift in Sources */ = {isa = PBXBuildFile; fileRef = F479725828ABEE5500D96AA8 /* GithubPullRequestsUITestsLaunchTests.swift */; };
		F479726A28ABEEEC00D96AA8 /* PullRequestsListViewController.swift in Sources */ = {isa = PBXBuildFile; fileRef = F479726928ABEEEC00D96AA8 /* PullRequestsListViewController.swift */; };
		F49A16A428BD2F9C00F7888C /* HomeViewModel.swift in Sources */ = {isa = PBXBuildFile; fileRef = F49A16A328BD2F9C00F7888C /* HomeViewModel.swift */; };
		F49A16AB28BDEC1000F7888C /* UserDetailsModel.swift in Sources */ = {isa = PBXBuildFile; fileRef = F49A16AA28BDEC1000F7888C /* UserDetailsModel.swift */; };
		F4AEF13828AE1BB3001312D9 /* PullRequestsDataModel.swift in Sources */ = {isa = PBXBuildFile; fileRef = F4AEF13728AE1BB3001312D9 /* PullRequestsDataModel.swift */; };
		F4AEF14928AE2F02001312D9 /* Functions.swift in Sources */ = {isa = PBXBuildFile; fileRef = F4AEF14828AE2F02001312D9 /* Functions.swift */; };
		F4AEF14B28AE3545001312D9 /* Constants.swift in Sources */ = {isa = PBXBuildFile; fileRef = F4AEF14A28AE3545001312D9 /* Constants.swift */; };
		F4AEF14F28AED1E0001312D9 /* DetailsTableViewCell.swift in Sources */ = {isa = PBXBuildFile; fileRef = F4AEF14D28AED1E0001312D9 /* DetailsTableViewCell.swift */; };
		F4AEF15028AED1E0001312D9 /* DetailsTableViewCell.xib in Resources */ = {isa = PBXBuildFile; fileRef = F4AEF14E28AED1E0001312D9 /* DetailsTableViewCell.xib */; };
		F4B9E5C328BB6C1400290363 /* Enums.swift in Sources */ = {isa = PBXBuildFile; fileRef = F4B9E5C228BB6C1400290363 /* Enums.swift */; };
		F4B9E5C728BC02CB00290363 /* PullRequestsListViewModel.swift in Sources */ = {isa = PBXBuildFile; fileRef = F4B9E5C628BC02CB00290363 /* PullRequestsListViewModel.swift */; };
/* End PBXBuildFile section */

/* Begin PBXContainerItemProxy section */
		F479724928ABEE5500D96AA8 /* PBXContainerItemProxy */ = {
			isa = PBXContainerItemProxy;
			containerPortal = F479722A28ABEE5300D96AA8 /* Project object */;
			proxyType = 1;
			remoteGlobalIDString = F479723128ABEE5300D96AA8;
			remoteInfo = GithubPullRequests;
		};
		F479725328ABEE5500D96AA8 /* PBXContainerItemProxy */ = {
			isa = PBXContainerItemProxy;
			containerPortal = F479722A28ABEE5300D96AA8 /* Project object */;
			proxyType = 1;
			remoteGlobalIDString = F479723128ABEE5300D96AA8;
			remoteInfo = GithubPullRequests;
		};
/* End PBXContainerItemProxy section */

/* Begin PBXFileReference section */
		F400067E28AF5FF200D7E842 /* HomeViewController.swift */ = {isa = PBXFileReference; lastKnownFileType = sourcecode.swift; path = HomeViewController.swift; sourceTree = "<group>"; };
		F400068028AF7DBD00D7E842 /* Extensions.swift */ = {isa = PBXFileReference; lastKnownFileType = sourcecode.swift; path = Extensions.swift; sourceTree = "<group>"; };
		F400068428AF98E300D7E842 /* FetchPullRequestsDataController.swift */ = {isa = PBXFileReference; lastKnownFileType = sourcecode.swift; path = FetchPullRequestsDataController.swift; sourceTree = "<group>"; };
		F400068628AF9C2500D7E842 /* PaddingLabel.swift */ = {isa = PBXFileReference; lastKnownFileType = sourcecode.swift; path = PaddingLabel.swift; sourceTree = "<group>"; };
		F479723228ABEE5300D96AA8 /* GithubPullRequests.app */ = {isa = PBXFileReference; explicitFileType = wrapper.application; includeInIndex = 0; path = GithubPullRequests.app; sourceTree = BUILT_PRODUCTS_DIR; };
		F479723528ABEE5300D96AA8 /* AppDelegate.swift */ = {isa = PBXFileReference; lastKnownFileType = sourcecode.swift; path = AppDelegate.swift; sourceTree = "<group>"; };
		F479723728ABEE5300D96AA8 /* SceneDelegate.swift */ = {isa = PBXFileReference; lastKnownFileType = sourcecode.swift; path = SceneDelegate.swift; sourceTree = "<group>"; };
		F479723928ABEE5300D96AA8 /* ViewController.swift */ = {isa = PBXFileReference; lastKnownFileType = sourcecode.swift; path = ViewController.swift; sourceTree = "<group>"; };
		F479723C28ABEE5300D96AA8 /* Base */ = {isa = PBXFileReference; lastKnownFileType = file.storyboard; name = Base; path = Base.lproj/Main.storyboard; sourceTree = "<group>"; };
		F479723E28ABEE5500D96AA8 /* Assets.xcassets */ = {isa = PBXFileReference; lastKnownFileType = folder.assetcatalog; path = Assets.xcassets; sourceTree = "<group>"; };
		F479724128ABEE5500D96AA8 /* Base */ = {isa = PBXFileReference; lastKnownFileType = file.storyboard; name = Base; path = Base.lproj/LaunchScreen.storyboard; sourceTree = "<group>"; };
		F479724328ABEE5500D96AA8 /* Info.plist */ = {isa = PBXFileReference; lastKnownFileType = text.plist.xml; path = Info.plist; sourceTree = "<group>"; };
		F479724828ABEE5500D96AA8 /* GithubPullRequestsTests.xctest */ = {isa = PBXFileReference; explicitFileType = wrapper.cfbundle; includeInIndex = 0; path = GithubPullRequestsTests.xctest; sourceTree = BUILT_PRODUCTS_DIR; };
		F479724C28ABEE5500D96AA8 /* GithubPullRequestsTests.swift */ = {isa = PBXFileReference; lastKnownFileType = sourcecode.swift; path = GithubPullRequestsTests.swift; sourceTree = "<group>"; };
		F479725228ABEE5500D96AA8 /* GithubPullRequestsUITests.xctest */ = {isa = PBXFileReference; explicitFileType = wrapper.cfbundle; includeInIndex = 0; path = GithubPullRequestsUITests.xctest; sourceTree = BUILT_PRODUCTS_DIR; };
		F479725628ABEE5500D96AA8 /* GithubPullRequestsUITests.swift */ = {isa = PBXFileReference; lastKnownFileType = sourcecode.swift; path = GithubPullRequestsUITests.swift; sourceTree = "<group>"; };
		F479725828ABEE5500D96AA8 /* GithubPullRequestsUITestsLaunchTests.swift */ = {isa = PBXFileReference; lastKnownFileType = sourcecode.swift; path = GithubPullRequestsUITestsLaunchTests.swift; sourceTree = "<group>"; };
		F479726928ABEEEC00D96AA8 /* PullRequestsListViewController.swift */ = {isa = PBXFileReference; lastKnownFileType = sourcecode.swift; path = PullRequestsListViewController.swift; sourceTree = "<group>"; };
		F49A16A328BD2F9C00F7888C /* HomeViewModel.swift */ = {isa = PBXFileReference; lastKnownFileType = sourcecode.swift; path = HomeViewModel.swift; sourceTree = "<group>"; };
		F49A16AA28BDEC1000F7888C /* UserDetailsModel.swift */ = {isa = PBXFileReference; lastKnownFileType = sourcecode.swift; path = UserDetailsModel.swift; sourceTree = "<group>"; };
		F4AEF13728AE1BB3001312D9 /* PullRequestsDataModel.swift */ = {isa = PBXFileReference; lastKnownFileType = sourcecode.swift; path = PullRequestsDataModel.swift; sourceTree = "<group>"; };
		F4AEF14828AE2F02001312D9 /* Functions.swift */ = {isa = PBXFileReference; lastKnownFileType = sourcecode.swift; path = Functions.swift; sourceTree = "<group>"; };
		F4AEF14A28AE3545001312D9 /* Constants.swift */ = {isa = PBXFileReference; lastKnownFileType = sourcecode.swift; path = Constants.swift; sourceTree = "<group>"; };
		F4AEF14D28AED1E0001312D9 /* DetailsTableViewCell.swift */ = {isa = PBXFileReference; lastKnownFileType = sourcecode.swift; path = DetailsTableViewCell.swift; sourceTree = "<group>"; };
		F4AEF14E28AED1E0001312D9 /* DetailsTableViewCell.xib */ = {isa = PBXFileReference; lastKnownFileType = file.xib; path = DetailsTableViewCell.xib; sourceTree = "<group>"; };
		F4B9E5C228BB6C1400290363 /* Enums.swift */ = {isa = PBXFileReference; lastKnownFileType = sourcecode.swift; path = Enums.swift; sourceTree = "<group>"; };
		F4B9E5C628BC02CB00290363 /* PullRequestsListViewModel.swift */ = {isa = PBXFileReference; fileEncoding = 4; lastKnownFileType = sourcecode.swift; path = PullRequestsListViewModel.swift; sourceTree = "<group>"; };
/* End PBXFileReference section */

/* Begin PBXFrameworksBuildPhase section */
		F479722F28ABEE5300D96AA8 /* Frameworks */ = {
			isa = PBXFrameworksBuildPhase;
			buildActionMask = 2147483647;
			files = (
			);
			runOnlyForDeploymentPostprocessing = 0;
		};
		F479724528ABEE5500D96AA8 /* Frameworks */ = {
			isa = PBXFrameworksBuildPhase;
			buildActionMask = 2147483647;
			files = (
			);
			runOnlyForDeploymentPostprocessing = 0;
		};
		F479724F28ABEE5500D96AA8 /* Frameworks */ = {
			isa = PBXFrameworksBuildPhase;
			buildActionMask = 2147483647;
			files = (
			);
			runOnlyForDeploymentPostprocessing = 0;
		};
/* End PBXFrameworksBuildPhase section */

/* Begin PBXGroup section */
		F479722928ABEE5300D96AA8 = {
			isa = PBXGroup;
			children = (
				F479723428ABEE5300D96AA8 /* GithubPullRequests */,
				F479724B28ABEE5500D96AA8 /* GithubPullRequestsTests */,
				F479725528ABEE5500D96AA8 /* GithubPullRequestsUITests */,
				F479723328ABEE5300D96AA8 /* Products */,
			);
			sourceTree = "<group>";
		};
		F479723328ABEE5300D96AA8 /* Products */ = {
			isa = PBXGroup;
			children = (
				F479723228ABEE5300D96AA8 /* GithubPullRequests.app */,
				F479724828ABEE5500D96AA8 /* GithubPullRequestsTests.xctest */,
				F479725228ABEE5500D96AA8 /* GithubPullRequestsUITests.xctest */,
			);
			name = Products;
			sourceTree = "<group>";
		};
		F479723428ABEE5300D96AA8 /* GithubPullRequests */ = {
			isa = PBXGroup;
			children = (
				F4AEF14728AE2EDE001312D9 /* Helper */,
				F479726828ABEEA800D96AA8 /* Data Controller */,
				F479726728ABEE9C00D96AA8 /* Model */,
				F479726628ABEE8F00D96AA8 /* View Model */,
				F479726528ABEE8600D96AA8 /* View */,
				F479723528ABEE5300D96AA8 /* AppDelegate.swift */,
				F479723728ABEE5300D96AA8 /* SceneDelegate.swift */,
				F479723928ABEE5300D96AA8 /* ViewController.swift */,
				F479723E28ABEE5500D96AA8 /* Assets.xcassets */,
				F479724028ABEE5500D96AA8 /* LaunchScreen.storyboard */,
				F479724328ABEE5500D96AA8 /* Info.plist */,
			);
			path = GithubPullRequests;
			sourceTree = "<group>";
		};
		F479724B28ABEE5500D96AA8 /* GithubPullRequestsTests */ = {
			isa = PBXGroup;
			children = (
				F479724C28ABEE5500D96AA8 /* GithubPullRequestsTests.swift */,
			);
			path = GithubPullRequestsTests;
			sourceTree = "<group>";
		};
		F479725528ABEE5500D96AA8 /* GithubPullRequestsUITests */ = {
			isa = PBXGroup;
			children = (
				F479725628ABEE5500D96AA8 /* GithubPullRequestsUITests.swift */,
				F479725828ABEE5500D96AA8 /* GithubPullRequestsUITestsLaunchTests.swift */,
			);
			path = GithubPullRequestsUITests;
			sourceTree = "<group>";
		};
		F479726528ABEE8600D96AA8 /* View */ = {
			isa = PBXGroup;
			children = (
				F4AEF13028AD5075001312D9 /* Custom Cell */,
				F479726928ABEEEC00D96AA8 /* PullRequestsListViewController.swift */,
				F400067E28AF5FF200D7E842 /* HomeViewController.swift */,
				F479723B28ABEE5300D96AA8 /* Main.storyboard */,
			);
			path = View;
			sourceTree = "<group>";
		};
		F479726628ABEE8F00D96AA8 /* View Model */ = {
			isa = PBXGroup;
			children = (
				F4B9E5C628BC02CB00290363 /* PullRequestsListViewModel.swift */,
				F49A16A328BD2F9C00F7888C /* HomeViewModel.swift */,
			);
			path = "View Model";
			sourceTree = "<group>";
		};
		F479726728ABEE9C00D96AA8 /* Model */ = {
			isa = PBXGroup;
			children = (
				F4AEF13728AE1BB3001312D9 /* PullRequestsDataModel.swift */,
				F49A16AA28BDEC1000F7888C /* UserDetailsModel.swift */,
			);
			path = Model;
			sourceTree = "<group>";
		};
		F479726828ABEEA800D96AA8 /* Data Controller */ = {
			isa = PBXGroup;
			children = (
				F400068428AF98E300D7E842 /* FetchPullRequestsDataController.swift */,
			);
			path = "Data Controller";
			sourceTree = "<group>";
		};
		F4AEF13028AD5075001312D9 /* Custom Cell */ = {
			isa = PBXGroup;
			children = (
				F4AEF14C28AED1B3001312D9 /* PullRequestsDetailTableViewCell */,
			);
			path = "Custom Cell";
			sourceTree = "<group>";
		};
		F4AEF14728AE2EDE001312D9 /* Helper */ = {
			isa = PBXGroup;
			children = (
				F4AEF14828AE2F02001312D9 /* Functions.swift */,
				F4AEF14A28AE3545001312D9 /* Constants.swift */,
				F400068028AF7DBD00D7E842 /* Extensions.swift */,
				F400068628AF9C2500D7E842 /* PaddingLabel.swift */,
				F4B9E5C228BB6C1400290363 /* Enums.swift */,
			);
			path = Helper;
			sourceTree = "<group>";
		};
		F4AEF14C28AED1B3001312D9 /* PullRequestsDetailTableViewCell */ = {
			isa = PBXGroup;
			children = (
				F4AEF14D28AED1E0001312D9 /* DetailsTableViewCell.swift */,
				F4AEF14E28AED1E0001312D9 /* DetailsTableViewCell.xib */,
			);
			path = PullRequestsDetailTableViewCell;
			sourceTree = "<group>";
		};
/* End PBXGroup section */

/* Begin PBXNativeTarget section */
		F479723128ABEE5300D96AA8 /* GithubPullRequests */ = {
			isa = PBXNativeTarget;
			buildConfigurationList = F479725C28ABEE5500D96AA8 /* Build configuration list for PBXNativeTarget "GithubPullRequests" */;
			buildPhases = (
				F479722E28ABEE5300D96AA8 /* Sources */,
				F479722F28ABEE5300D96AA8 /* Frameworks */,
				F479723028ABEE5300D96AA8 /* Resources */,
			);
			buildRules = (
			);
			dependencies = (
			);
			name = GithubPullRequests;
			productName = GithubPullRequests;
			productReference = F479723228ABEE5300D96AA8 /* GithubPullRequests.app */;
			productType = "com.apple.product-type.application";
		};
		F479724728ABEE5500D96AA8 /* GithubPullRequestsTests */ = {
			isa = PBXNativeTarget;
			buildConfigurationList = F479725F28ABEE5500D96AA8 /* Build configuration list for PBXNativeTarget "GithubPullRequestsTests" */;
			buildPhases = (
				F479724428ABEE5500D96AA8 /* Sources */,
				F479724528ABEE5500D96AA8 /* Frameworks */,
				F479724628ABEE5500D96AA8 /* Resources */,
			);
			buildRules = (
			);
			dependencies = (
				F479724A28ABEE5500D96AA8 /* PBXTargetDependency */,
			);
			name = GithubPullRequestsTests;
			productName = GithubPullRequestsTests;
			productReference = F479724828ABEE5500D96AA8 /* GithubPullRequestsTests.xctest */;
			productType = "com.apple.product-type.bundle.unit-test";
		};
		F479725128ABEE5500D96AA8 /* GithubPullRequestsUITests */ = {
			isa = PBXNativeTarget;
			buildConfigurationList = F479726228ABEE5500D96AA8 /* Build configuration list for PBXNativeTarget "GithubPullRequestsUITests" */;
			buildPhases = (
				F479724E28ABEE5500D96AA8 /* Sources */,
				F479724F28ABEE5500D96AA8 /* Frameworks */,
				F479725028ABEE5500D96AA8 /* Resources */,
			);
			buildRules = (
			);
			dependencies = (
				F479725428ABEE5500D96AA8 /* PBXTargetDependency */,
			);
			name = GithubPullRequestsUITests;
			productName = GithubPullRequestsUITests;
			productReference = F479725228ABEE5500D96AA8 /* GithubPullRequestsUITests.xctest */;
			productType = "com.apple.product-type.bundle.ui-testing";
		};
/* End PBXNativeTarget section */

/* Begin PBXProject section */
		F479722A28ABEE5300D96AA8 /* Project object */ = {
			isa = PBXProject;
			attributes = {
				BuildIndependentTargetsInParallel = 1;
				LastSwiftUpdateCheck = 1340;
				LastUpgradeCheck = 1340;
				TargetAttributes = {
					F479723128ABEE5300D96AA8 = {
						CreatedOnToolsVersion = 13.4.1;
					};
					F479724728ABEE5500D96AA8 = {
						CreatedOnToolsVersion = 13.4.1;
						TestTargetID = F479723128ABEE5300D96AA8;
					};
					F479725128ABEE5500D96AA8 = {
						CreatedOnToolsVersion = 13.4.1;
						TestTargetID = F479723128ABEE5300D96AA8;
					};
				};
			};
			buildConfigurationList = F479722D28ABEE5300D96AA8 /* Build configuration list for PBXProject "GithubPullRequests" */;
			compatibilityVersion = "Xcode 13.0";
			developmentRegion = en;
			hasScannedForEncodings = 0;
			knownRegions = (
				en,
				Base,
			);
			mainGroup = F479722928ABEE5300D96AA8;
			productRefGroup = F479723328ABEE5300D96AA8 /* Products */;
			projectDirPath = "";
			projectRoot = "";
			targets = (
				F479723128ABEE5300D96AA8 /* GithubPullRequests */,
				F479724728ABEE5500D96AA8 /* GithubPullRequestsTests */,
				F479725128ABEE5500D96AA8 /* GithubPullRequestsUITests */,
			);
		};
/* End PBXProject section */

/* Begin PBXResourcesBuildPhase section */
		F479723028ABEE5300D96AA8 /* Resources */ = {
			isa = PBXResourcesBuildPhase;
			buildActionMask = 2147483647;
			files = (
				F479724228ABEE5500D96AA8 /* LaunchScreen.storyboard in Resources */,
				F479723F28ABEE5500D96AA8 /* Assets.xcassets in Resources */,
				F4AEF15028AED1E0001312D9 /* DetailsTableViewCell.xib in Resources */,
				F479723D28ABEE5300D96AA8 /* Main.storyboard in Resources */,
			);
			runOnlyForDeploymentPostprocessing = 0;
		};
		F479724628ABEE5500D96AA8 /* Resources */ = {
			isa = PBXResourcesBuildPhase;
			buildActionMask = 2147483647;
			files = (
			);
			runOnlyForDeploymentPostprocessing = 0;
		};
		F479725028ABEE5500D96AA8 /* Resources */ = {
			isa = PBXResourcesBuildPhase;
			buildActionMask = 2147483647;
			files = (
			);
			runOnlyForDeploymentPostprocessing = 0;
		};
/* End PBXResourcesBuildPhase section */

/* Begin PBXSourcesBuildPhase section */
		F479722E28ABEE5300D96AA8 /* Sources */ = {
			isa = PBXSourcesBuildPhase;
			buildActionMask = 2147483647;
			files = (
				F49A16A428BD2F9C00F7888C /* HomeViewModel.swift in Sources */,
				F479723A28ABEE5300D96AA8 /* ViewController.swift in Sources */,
				F4AEF14928AE2F02001312D9 /* Functions.swift in Sources */,
				F49A16AB28BDEC1000F7888C /* UserDetailsModel.swift in Sources */,
				F479723628ABEE5300D96AA8 /* AppDelegate.swift in Sources */,
				F4AEF14F28AED1E0001312D9 /* DetailsTableViewCell.swift in Sources */,
				F4AEF14B28AE3545001312D9 /* Constants.swift in Sources */,
				F400068528AF98E300D7E842 /* FetchPullRequestsDataController.swift in Sources */,
				F400068128AF7DBD00D7E842 /* Extensions.swift in Sources */,
				F400067F28AF5FF200D7E842 /* HomeViewController.swift in Sources */,
				F4AEF13828AE1BB3001312D9 /* PullRequestsDataModel.swift in Sources */,
				F4B9E5C728BC02CB00290363 /* PullRequestsListViewModel.swift in Sources */,
				F479723828ABEE5300D96AA8 /* SceneDelegate.swift in Sources */,
				F400068728AF9C2500D7E842 /* PaddingLabel.swift in Sources */,
				F4B9E5C328BB6C1400290363 /* Enums.swift in Sources */,
				F479726A28ABEEEC00D96AA8 /* PullRequestsListViewController.swift in Sources */,
			);
			runOnlyForDeploymentPostprocessing = 0;
		};
		F479724428ABEE5500D96AA8 /* Sources */ = {
			isa = PBXSourcesBuildPhase;
			buildActionMask = 2147483647;
			files = (
				F479724D28ABEE5500D96AA8 /* GithubPullRequestsTests.swift in Sources */,
			);
			runOnlyForDeploymentPostprocessing = 0;
		};
		F479724E28ABEE5500D96AA8 /* Sources */ = {
			isa = PBXSourcesBuildPhase;
			buildActionMask = 2147483647;
			files = (
				F479725928ABEE5500D96AA8 /* GithubPullRequestsUITestsLaunchTests.swift in Sources */,
				F479725728ABEE5500D96AA8 /* GithubPullRequestsUITests.swift in Sources */,
			);
			runOnlyForDeploymentPostprocessing = 0;
		};
/* End PBXSourcesBuildPhase section */

/* Begin PBXTargetDependency section */
		F479724A28ABEE5500D96AA8 /* PBXTargetDependency */ = {
			isa = PBXTargetDependency;
			target = F479723128ABEE5300D96AA8 /* GithubPullRequests */;
			targetProxy = F479724928ABEE5500D96AA8 /* PBXContainerItemProxy */;
		};
		F479725428ABEE5500D96AA8 /* PBXTargetDependency */ = {
			isa = PBXTargetDependency;
			target = F479723128ABEE5300D96AA8 /* GithubPullRequests */;
			targetProxy = F479725328ABEE5500D96AA8 /* PBXContainerItemProxy */;
		};
/* End PBXTargetDependency section */

/* Begin PBXVariantGroup section */
		F479723B28ABEE5300D96AA8 /* Main.storyboard */ = {
			isa = PBXVariantGroup;
			children = (
				F479723C28ABEE5300D96AA8 /* Base */,
			);
			name = Main.storyboard;
			sourceTree = "<group>";
		};
		F479724028ABEE5500D96AA8 /* LaunchScreen.storyboard */ = {
			isa = PBXVariantGroup;
			children = (
				F479724128ABEE5500D96AA8 /* Base */,
			);
			name = LaunchScreen.storyboard;
			sourceTree = "<group>";
		};
/* End PBXVariantGroup section */

/* Begin XCBuildConfiguration section */
		F479725A28ABEE5500D96AA8 /* Debug */ = {
			isa = XCBuildConfiguration;
			buildSettings = {
				ALWAYS_SEARCH_USER_PATHS = NO;
				CLANG_ANALYZER_NONNULL = YES;
				CLANG_ANALYZER_NUMBER_OBJECT_CONVERSION = YES_AGGRESSIVE;
				CLANG_CXX_LANGUAGE_STANDARD = "gnu++17";
				CLANG_ENABLE_MODULES = YES;
				CLANG_ENABLE_OBJC_ARC = YES;
				CLANG_ENABLE_OBJC_WEAK = YES;
				CLANG_WARN_BLOCK_CAPTURE_AUTORELEASING = YES;
				CLANG_WARN_BOOL_CONVERSION = YES;
				CLANG_WARN_COMMA = YES;
				CLANG_WARN_CONSTANT_CONVERSION = YES;
				CLANG_WARN_DEPRECATED_OBJC_IMPLEMENTATIONS = YES;
				CLANG_WARN_DIRECT_OBJC_ISA_USAGE = YES_ERROR;
				CLANG_WARN_DOCUMENTATION_COMMENTS = YES;
				CLANG_WARN_EMPTY_BODY = YES;
				CLANG_WARN_ENUM_CONVERSION = YES;
				CLANG_WARN_INFINITE_RECURSION = YES;
				CLANG_WARN_INT_CONVERSION = YES;
				CLANG_WARN_NON_LITERAL_NULL_CONVERSION = YES;
				CLANG_WARN_OBJC_IMPLICIT_RETAIN_SELF = YES;
				CLANG_WARN_OBJC_LITERAL_CONVERSION = YES;
				CLANG_WARN_OBJC_ROOT_CLASS = YES_ERROR;
				CLANG_WARN_QUOTED_INCLUDE_IN_FRAMEWORK_HEADER = YES;
				CLANG_WARN_RANGE_LOOP_ANALYSIS = YES;
				CLANG_WARN_STRICT_PROTOTYPES = YES;
				CLANG_WARN_SUSPICIOUS_MOVE = YES;
				CLANG_WARN_UNGUARDED_AVAILABILITY = YES_AGGRESSIVE;
				CLANG_WARN_UNREACHABLE_CODE = YES;
				CLANG_WARN__DUPLICATE_METHOD_MATCH = YES;
				COPY_PHASE_STRIP = NO;
				DEBUG_INFORMATION_FORMAT = dwarf;
				ENABLE_STRICT_OBJC_MSGSEND = YES;
				ENABLE_TESTABILITY = YES;
				GCC_C_LANGUAGE_STANDARD = gnu11;
				GCC_DYNAMIC_NO_PIC = NO;
				GCC_NO_COMMON_BLOCKS = YES;
				GCC_OPTIMIZATION_LEVEL = 0;
				GCC_PREPROCESSOR_DEFINITIONS = (
					"DEBUG=1",
					"$(inherited)",
				);
				GCC_WARN_64_TO_32_BIT_CONVERSION = YES;
				GCC_WARN_ABOUT_RETURN_TYPE = YES_ERROR;
				GCC_WARN_UNDECLARED_SELECTOR = YES;
				GCC_WARN_UNINITIALIZED_AUTOS = YES_AGGRESSIVE;
				GCC_WARN_UNUSED_FUNCTION = YES;
				GCC_WARN_UNUSED_VARIABLE = YES;
				IPHONEOS_DEPLOYMENT_TARGET = 13.0;
				MTL_ENABLE_DEBUG_INFO = INCLUDE_SOURCE;
				MTL_FAST_MATH = YES;
				ONLY_ACTIVE_ARCH = YES;
				SDKROOT = iphoneos;
				SWIFT_ACTIVE_COMPILATION_CONDITIONS = DEBUG;
				SWIFT_OPTIMIZATION_LEVEL = "-Onone";
			};
			name = Debug;
		};
		F479725B28ABEE5500D96AA8 /* Release */ = {
			isa = XCBuildConfiguration;
			buildSettings = {
				ALWAYS_SEARCH_USER_PATHS = NO;
				CLANG_ANALYZER_NONNULL = YES;
				CLANG_ANALYZER_NUMBER_OBJECT_CONVERSION = YES_AGGRESSIVE;
				CLANG_CXX_LANGUAGE_STANDARD = "gnu++17";
				CLANG_ENABLE_MODULES = YES;
				CLANG_ENABLE_OBJC_ARC = YES;
				CLANG_ENABLE_OBJC_WEAK = YES;
				CLANG_WARN_BLOCK_CAPTURE_AUTORELEASING = YES;
				CLANG_WARN_BOOL_CONVERSION = YES;
				CLANG_WARN_COMMA = YES;
				CLANG_WARN_CONSTANT_CONVERSION = YES;
				CLANG_WARN_DEPRECATED_OBJC_IMPLEMENTATIONS = YES;
				CLANG_WARN_DIRECT_OBJC_ISA_USAGE = YES_ERROR;
				CLANG_WARN_DOCUMENTATION_COMMENTS = YES;
				CLANG_WARN_EMPTY_BODY = YES;
				CLANG_WARN_ENUM_CONVERSION = YES;
				CLANG_WARN_INFINITE_RECURSION = YES;
				CLANG_WARN_INT_CONVERSION = YES;
				CLANG_WARN_NON_LITERAL_NULL_CONVERSION = YES;
				CLANG_WARN_OBJC_IMPLICIT_RETAIN_SELF = YES;
				CLANG_WARN_OBJC_LITERAL_CONVERSION = YES;
				CLANG_WARN_OBJC_ROOT_CLASS = YES_ERROR;
				CLANG_WARN_QUOTED_INCLUDE_IN_FRAMEWORK_HEADER = YES;
				CLANG_WARN_RANGE_LOOP_ANALYSIS = YES;
				CLANG_WARN_STRICT_PROTOTYPES = YES;
				CLANG_WARN_SUSPICIOUS_MOVE = YES;
				CLANG_WARN_UNGUARDED_AVAILABILITY = YES_AGGRESSIVE;
				CLANG_WARN_UNREACHABLE_CODE = YES;
				CLANG_WARN__DUPLICATE_METHOD_MATCH = YES;
				COPY_PHASE_STRIP = NO;
				DEBUG_INFORMATION_FORMAT = "dwarf-with-dsym";
				ENABLE_NS_ASSERTIONS = NO;
				ENABLE_STRICT_OBJC_MSGSEND = YES;
				GCC_C_LANGUAGE_STANDARD = gnu11;
				GCC_NO_COMMON_BLOCKS = YES;
				GCC_WARN_64_TO_32_BIT_CONVERSION = YES;
				GCC_WARN_ABOUT_RETURN_TYPE = YES_ERROR;
				GCC_WARN_UNDECLARED_SELECTOR = YES;
				GCC_WARN_UNINITIALIZED_AUTOS = YES_AGGRESSIVE;
				GCC_WARN_UNUSED_FUNCTION = YES;
				GCC_WARN_UNUSED_VARIABLE = YES;
				IPHONEOS_DEPLOYMENT_TARGET = 13.0;
				MTL_ENABLE_DEBUG_INFO = NO;
				MTL_FAST_MATH = YES;
				SDKROOT = iphoneos;
				SWIFT_COMPILATION_MODE = wholemodule;
				SWIFT_OPTIMIZATION_LEVEL = "-O";
				VALIDATE_PRODUCT = YES;
			};
			name = Release;
		};
		F479725D28ABEE5500D96AA8 /* Debug */ = {
			isa = XCBuildConfiguration;
			buildSettings = {
				ASSETCATALOG_COMPILER_APPICON_NAME = AppIcon;
				ASSETCATALOG_COMPILER_GLOBAL_ACCENT_COLOR_NAME = AccentColor;
				CODE_SIGN_STYLE = Automatic;
				CURRENT_PROJECT_VERSION = 1;
				DEVELOPMENT_TEAM = G6J26BAQQG;
				GENERATE_INFOPLIST_FILE = YES;
				INFOPLIST_FILE = GithubPullRequests/Info.plist;
				INFOPLIST_KEY_UIApplicationSupportsIndirectInputEvents = YES;
				INFOPLIST_KEY_UILaunchStoryboardName = LaunchScreen;
				INFOPLIST_KEY_UIMainStoryboardFile = Main;
				INFOPLIST_KEY_UISupportedInterfaceOrientations_iPad = "UIInterfaceOrientationPortrait UIInterfaceOrientationPortraitUpsideDown UIInterfaceOrientationLandscapeLeft UIInterfaceOrientationLandscapeRight";
				INFOPLIST_KEY_UISupportedInterfaceOrientations_iPhone = "UIInterfaceOrientationPortrait UIInterfaceOrientationLandscapeLeft UIInterfaceOrientationLandscapeRight";
				LD_RUNPATH_SEARCH_PATHS = (
					"$(inherited)",
					"@executable_path/Frameworks",
				);
				MARKETING_VERSION = 1.0;
				PRODUCT_BUNDLE_IDENTIFIER = gbcom.GithubPullRequests;
				PRODUCT_NAME = "$(TARGET_NAME)";
				SWIFT_EMIT_LOC_STRINGS = YES;
				SWIFT_VERSION = 5.0;
				TARGETED_DEVICE_FAMILY = 1;
			};
			name = Debug;
		};
		F479725E28ABEE5500D96AA8 /* Release */ = {
			isa = XCBuildConfiguration;
			buildSettings = {
				ASSETCATALOG_COMPILER_APPICON_NAME = AppIcon;
				ASSETCATALOG_COMPILER_GLOBAL_ACCENT_COLOR_NAME = AccentColor;
				CODE_SIGN_STYLE = Automatic;
				CURRENT_PROJECT_VERSION = 1;
				DEVELOPMENT_TEAM = G6J26BAQQG;
				GENERATE_INFOPLIST_FILE = YES;
				INFOPLIST_FILE = GithubPullRequests/Info.plist;
				INFOPLIST_KEY_UIApplicationSupportsIndirectInputEvents = YES;
				INFOPLIST_KEY_UILaunchStoryboardName = LaunchScreen;
				INFOPLIST_KEY_UIMainStoryboardFile = Main;
				INFOPLIST_KEY_UISupportedInterfaceOrientations_iPad = "UIInterfaceOrientationPortrait UIInterfaceOrientationPortraitUpsideDown UIInterfaceOrientationLandscapeLeft UIInterfaceOrientationLandscapeRight";
				INFOPLIST_KEY_UISupportedInterfaceOrientations_iPhone = "UIInterfaceOrientationPortrait UIInterfaceOrientationLandscapeLeft UIInterfaceOrientationLandscapeRight";
				LD_RUNPATH_SEARCH_PATHS = (
					"$(inherited)",
					"@executable_path/Frameworks",
				);
				MARKETING_VERSION = 1.0;
				PRODUCT_BUNDLE_IDENTIFIER = gbcom.GithubPullRequests;
				PRODUCT_NAME = "$(TARGET_NAME)";
				SWIFT_EMIT_LOC_STRINGS = YES;
				SWIFT_VERSION = 5.0;
				TARGETED_DEVICE_FAMILY = 1;
			};
			name = Release;
		};
		F479726028ABEE5500D96AA8 /* Debug */ = {
			isa = XCBuildConfiguration;
			buildSettings = {
				ALWAYS_EMBED_SWIFT_STANDARD_LIBRARIES = YES;
				BUNDLE_LOADER = "$(TEST_HOST)";
				CODE_SIGN_STYLE = Automatic;
				CURRENT_PROJECT_VERSION = 1;
				DEVELOPMENT_TEAM = G6J26BAQQG;
				GENERATE_INFOPLIST_FILE = YES;
				IPHONEOS_DEPLOYMENT_TARGET = 15.5;
				MARKETING_VERSION = 1.0;
				PRODUCT_BUNDLE_IDENTIFIER = gbcom.GithubPullRequestsTests;
				PRODUCT_NAME = "$(TARGET_NAME)";
				SWIFT_EMIT_LOC_STRINGS = NO;
				SWIFT_VERSION = 5.0;
				TARGETED_DEVICE_FAMILY = "1,2";
				TEST_HOST = "$(BUILT_PRODUCTS_DIR)/GithubPullRequests.app/GithubPullRequests";
			};
			name = Debug;
		};
		F479726128ABEE5500D96AA8 /* Release */ = {
			isa = XCBuildConfiguration;
			buildSettings = {
				ALWAYS_EMBED_SWIFT_STANDARD_LIBRARIES = YES;
				BUNDLE_LOADER = "$(TEST_HOST)";
				CODE_SIGN_STYLE = Automatic;
				CURRENT_PROJECT_VERSION = 1;
				DEVELOPMENT_TEAM = G6J26BAQQG;
				GENERATE_INFOPLIST_FILE = YES;
				IPHONEOS_DEPLOYMENT_TARGET = 15.5;
				MARKETING_VERSION = 1.0;
				PRODUCT_BUNDLE_IDENTIFIER = gbcom.GithubPullRequestsTests;
				PRODUCT_NAME = "$(TARGET_NAME)";
				SWIFT_EMIT_LOC_STRINGS = NO;
				SWIFT_VERSION = 5.0;
				TARGETED_DEVICE_FAMILY = "1,2";
				TEST_HOST = "$(BUILT_PRODUCTS_DIR)/GithubPullRequests.app/GithubPullRequests";
			};
			name = Release;
		};
		F479726328ABEE5500D96AA8 /* Debug */ = {
			isa = XCBuildConfiguration;
			buildSettings = {
				ALWAYS_EMBED_SWIFT_STANDARD_LIBRARIES = YES;
				CODE_SIGN_STYLE = Automatic;
				CURRENT_PROJECT_VERSION = 1;
				DEVELOPMENT_TEAM = G6J26BAQQG;
				GENERATE_INFOPLIST_FILE = YES;
				MARKETING_VERSION = 1.0;
				PRODUCT_BUNDLE_IDENTIFIER = gbcom.GithubPullRequestsUITests;
				PRODUCT_NAME = "$(TARGET_NAME)";
				SWIFT_EMIT_LOC_STRINGS = NO;
				SWIFT_VERSION = 5.0;
				TARGETED_DEVICE_FAMILY = "1,2";
				TEST_TARGET_NAME = GithubPullRequests;
			};
			name = Debug;
		};
		F479726428ABEE5500D96AA8 /* Release */ = {
			isa = XCBuildConfiguration;
			buildSettings = {
				ALWAYS_EMBED_SWIFT_STANDARD_LIBRARIES = YES;
				CODE_SIGN_STYLE = Automatic;
				CURRENT_PROJECT_VERSION = 1;
				DEVELOPMENT_TEAM = G6J26BAQQG;
				GENERATE_INFOPLIST_FILE = YES;
				MARKETING_VERSION = 1.0;
				PRODUCT_BUNDLE_IDENTIFIER = gbcom.GithubPullRequestsUITests;
				PRODUCT_NAME = "$(TARGET_NAME)";
				SWIFT_EMIT_LOC_STRINGS = NO;
				SWIFT_VERSION = 5.0;
				TARGETED_DEVICE_FAMILY = "1,2";
				TEST_TARGET_NAME = GithubPullRequests;
			};
			name = Release;
		};
/* End XCBuildConfiguration section */

/* Begin XCConfigurationList section */
		F479722D28ABEE5300D96AA8 /* Build configuration list for PBXProject "GithubPullRequests" */ = {
			isa = XCConfigurationList;
			buildConfigurations = (
				F479725A28ABEE5500D96AA8 /* Debug */,
				F479725B28ABEE5500D96AA8 /* Release */,
			);
			defaultConfigurationIsVisible = 0;
			defaultConfigurationName = Release;
		};
		F479725C28ABEE5500D96AA8 /* Build configuration list for PBXNativeTarget "GithubPullRequests" */ = {
			isa = XCConfigurationList;
			buildConfigurations = (
				F479725D28ABEE5500D96AA8 /* Debug */,
				F479725E28ABEE5500D96AA8 /* Release */,
			);
			defaultConfigurationIsVisible = 0;
			defaultConfigurationName = Release;
		};
		F479725F28ABEE5500D96AA8 /* Build configuration list for PBXNativeTarget "GithubPullRequestsTests" */ = {
			isa = XCConfigurationList;
			buildConfigurations = (
				F479726028ABEE5500D96AA8 /* Debug */,
				F479726128ABEE5500D96AA8 /* Release */,
			);
			defaultConfigurationIsVisible = 0;
			defaultConfigurationName = Release;
		};
		F479726228ABEE5500D96AA8 /* Build configuration list for PBXNativeTarget "GithubPullRequestsUITests" */ = {
			isa = XCConfigurationList;
			buildConfigurations = (
				F479726328ABEE5500D96AA8 /* Debug */,
				F479726428ABEE5500D96AA8 /* Release */,
			);
			defaultConfigurationIsVisible = 0;
			defaultConfigurationName = Release;
		};
/* End XCConfigurationList section */
	};
	rootObject = F479722A28ABEE5300D96AA8 /* Project object */;
}
